{
  "name": "mana",
  "version": "0.1.0",
  "lockfileVersion": 3,
  "requires": true,
  "packages": {
    "": {
      "name": "mana",
      "version": "0.1.0",
      "workspaces": [
        "apps/*"
      ],
      "engines": {
        "node": ">=24 <25"
      }
    },
    "apps/api": {
      "name": "@mana/api",
      "version": "0.1.0"
    },
    "node_modules/@mana/api": {
      "resolved": "apps/api",
      "link": true
    }
  }
}
